
Microsoft Visual Studio Solution File, Format Version 12.00
# Visual Studio Version 16
VisualStudioVersion = 16.0.30320.27
MinimumVisualStudioVersion = 10.0.40219.1
Project("{FAE04EC0-301F-11D3-BF4B-00C04F79EFBC}") = "Bardcore", "Bardcore\Bardcore.csproj", "{08686AFD-73A7-49A4-A11D-BFCDA3AFCFAA}"
EndProject
Global
	GlobalSection(SolutionConfigurationPlatforms) = preSolution
		Debug|Any CPU = Debug|Any CPU
		Release|Any CPU = Release|Any CPU
	EndGlobalSection
	GlobalSection(ProjectConfigurationPlatforms) = postSolution
		{08686AFD-73A7-49A4-A11D-BFCDA3AFCFAA}.Debug|Any CPU.ActiveCfg = Debug|Any CPU
		{08686AFD-73A7-49A4-A11D-BFCDA3AFCFAA}.Debug|Any CPU.Build.0 = Debug|Any CPU
		{08686AFD-73A7-49A4-A11D-BFCDA3AFCFAA}.Release|Any CPU.ActiveCfg = Release|Any CPU
		{08686AFD-73A7-49A4-A11D-BFCDA3AFCFAA}.Release|Any CPU.Build.0 = Release|Any CPU
	EndGlobalSection
	GlobalSection(SolutionProperties) = preSolution
		HideSolutionNode = FALSE
	EndGlobalSection
	GlobalSection(ExtensibilityGlobals) = postSolution
		SolutionGuid = {1C7BCC95-36E1-4936-847C-CACE4D1A16CA}
	EndGlobalSection
EndGlobal
